{
    "doctrine/doctrine-bundle": {
        "version": "2.13",
        "recipe": {
            "repo": "github.com/symfony/recipes",
            "branch": "main",
            "version": "2.12",
            "ref": "7266981c201efbbe02ae53c87f8bb378e3f825ae"
        },
        "files": [
            "config/packages/doctrine.yaml",
            "src/Entity/.gitignore",
            "src/Repository/.gitignore"
        ]
    },
    "meilisearch/search-bundle": {
        "version": "0.15",
        "recipe": {
            "repo": "github.com/symfony/recipes-contrib",
            "branch": "main",
            "version": "0.10",
            "ref": "f0730f97441a5391832fb176305f69abe86b70a3"
        },
        "files": [
            "config/packages/meilisearch.yaml"
        ]
    },
    "php-http/discovery": {
        "version": "1.19",
        "recipe": {
            "repo": "github.com/symfony/recipes",
            "branch": "main",
            "version": "1.18",
            "ref": "f45b5dd173a27873ab19f5e3180b2f661c21de02"
        },
        "files": [
            "config/packages/http_discovery.yaml"
        ]
    },
    "phpstan/phpstan": {
        "version": "1.10",
        "recipe": {
            "repo": "github.com/symfony/recipes-contrib",
            "branch": "main",
            "version": "1.0",
            "ref": "f10b8054de1a94a3b9e8806a6453fd5c98491c44"
        },
        "files": [
            "phpstan.dist.neon"
        ]
    },
    "phpunit/phpunit": {
        "version": "9.6",
        "recipe": {
            "repo": "github.com/symfony/recipes",
            "branch": "main",
            "version": "9.6",
            "ref": "7364a21d87e658eb363c5020c072ecfdc12e2326"
        },
        "files": [
            ".env.test",
            "phpunit.xml.dist",
            "tests/bootstrap.php"
        ]
    },
    "sentry/sentry-symfony": {
        "version": "5.8",
        "recipe": {
            "repo": "github.com/symfony/recipes-contrib",
            "branch": "main",
            "version": "5.0",
            "ref": "b6cb4b34429dadecd7187852123be19d628fa37a"
        },
        "files": [
            "config/packages/sentry.yaml"
        ]
    },
    "symfony/console": {
        "version": "6.3",
        "recipe": {
            "repo": "github.com/symfony/recipes",
            "branch": "main",
            "version": "5.3",
            "ref": "da0c8be8157600ad34f10ff0c9cc91232522e047"
        },
        "files": [
            "bin/console"
        ]
    },
    "symfony/flex": {
        "version": "2.3",
        "recipe": {
            "repo": "github.com/symfony/recipes",
            "branch": "main",
            "version": "1.0",
            "ref": "146251ae39e06a95be0fe3d13c807bcf3938b172"
        },
        "files": [
            ".env"
        ]
    },
    "symfony/framework-bundle": {
        "version": "6.3",
        "recipe": {
            "repo": "github.com/symfony/recipes",
            "branch": "main",
            "version": "6.2",
            "ref": "af47254c5e4cd543e6af3e4508298ffebbdaddd3"
        },
        "files": [
            "config/packages/cache.yaml",
            "config/packages/framework.yaml",
            "config/preload.php",
            "config/routes/framework.yaml",
            "config/services.yaml",
            "public/index.php",
            "src/Controller/.gitignore",
            "src/Kernel.php"
        ]
    },
    "symfony/lock": {
        "version": "7.0",
        "recipe": {
            "repo": "github.com/symfony/recipes",
            "branch": "main",
            "version": "5.2",
            "ref": "8e937ff2b4735d110af1770f242c1107fdab4c8e"
        },
        "files": [
            "config/packages/lock.yaml"
        ]
    },
    "symfony/messenger": {
        "version": "6.3",
        "recipe": {
            "repo": "github.com/symfony/recipes",
            "branch": "main",
            "version": "6.0",
            "ref": "ba1ac4e919baba5644d31b57a3284d6ba12d52ee"
        },
        "files": [
            "config/packages/messenger.yaml"
        ]
    },
    "symfony/monolog-bundle": {
        "version": "3.10",
        "recipe": {
            "repo": "github.com/symfony/recipes",
            "branch": "main",
            "version": "3.7",
            "ref": "aff23899c4440dd995907613c1dd709b6f59503f"
        },
        "files": [
            "config/packages/monolog.yaml"
        ]
    },
    "symfony/phpunit-bridge": {
        "version": "7.1",
        "recipe": {
            "repo": "github.com/symfony/recipes",
            "branch": "main",
            "version": "6.3",
            "ref": "a411a0480041243d97382cac7984f7dce7813c08"
        },
        "files": [
            ".env.test",
            "bin/phpunit",
            "phpunit.xml.dist",
            "tests/bootstrap.php"
        ]
    },
    "symfony/property-info": {
        "version": "7.3",
        "recipe": {
            "repo": "github.com/symfony/recipes",
            "branch": "main",
            "version": "7.3",
            "ref": "dae70df71978ae9226ae915ffd5fad817f5ca1f7"
        },
        "files": [
            "config/packages/property_info.yaml"
        ]
    },
    "symfony/routing": {
        "version": "6.3",
        "recipe": {
            "repo": "github.com/symfony/recipes",
            "branch": "main",
            "version": "6.2",
            "ref": "e0a11b4ccb8c9e70b574ff5ad3dfdcd41dec5aa6"
        },
        "files": [
            "config/packages/routing.yaml",
            "config/routes.yaml"
        ]
    },
    "symfony/security-bundle": {
        "version": "6.3",
        "recipe": {
            "repo": "github.com/symfony/recipes",
            "branch": "main",
            "version": "6.0",
            "ref": "8a5b112826f7d3d5b07027f93786ae11a1c7de48"
        },
        "files": [
            "config/packages/security.yaml"
        ]
    },
    "symfony/twig-bundle": {
        "version": "6.3",
        "recipe": {
            "repo": "github.com/symfony/recipes",
            "branch": "main",
            "version": "6.3",
            "ref": "b7772eb20e92f3fb4d4fe756e7505b4ba2ca1a2c"
        },
        "files": [
            "config/packages/twig.yaml",
            "templates/base.html.twig"
        ]
    },
    "symfony/web-profiler-bundle": {
        "version": "6.3",
        "recipe": {
            "repo": "github.com/symfony/recipes",
            "branch": "main",
            "version": "6.1",
            "ref": "e42b3f0177df239add25373083a564e5ead4e13a"
        },
        "files": [
            "config/packages/web_profiler.yaml",
            "config/routes/web_profiler.yaml"
        ]
    },
    "symfony/webhook": {
        "version": "7.1",
        "recipe": {
            "repo": "github.com/symfony/recipes",
            "branch": "main",
            "version": "6.3",
            "ref": "0bc853a74c98e448116ba53e118a7b6b3cdf9a03"
        },
        "files": [
            "config/routes/webhook.yaml"
        ]
    }
}
